
Microsoft Visual Studio Solution File, Format Version 12.00
# Visual Studio Version 17
VisualStudioVersion = 17.5.002.0
MinimumVisualStudioVersion = 10.0.40219.1
Project("{9A19103F-16F7-4668-BE54-9A1E7A4F7556}") = "SharpbenchApi", "server\SharpbenchApi.csproj", "{765E490D-1A33-45E5-A606-C7C72324E3A8}"
EndProject
Project("{FAE04EC0-301F-11D3-BF4B-00C04F79EFBC}") = "SharpbenchRunner", "runner\SharpbenchRunner.csproj", "{F678B66D-224A-44A4-A110-D418505FC14B}"
EndProject
Project("{FAE04EC0-301F-11D3-BF4B-00C04F79EFBC}") = "SharpbenchCore", "core\SharpbenchCore.csproj", "{1DE76631-10BA-4883-942C-AEED7C335D2C}"
EndProject
Global
	GlobalSection(SolutionConfigurationPlatforms) = preSolution
		Debug|Any CPU = Debug|Any CPU
		Release|Any CPU = Release|Any CPU
	EndGlobalSection
	GlobalSection(ProjectConfigurationPlatforms) = postSolution
		{765E490D-1A33-45E5-A606-C7C72324E3A8}.Debug|Any CPU.ActiveCfg = Debug|Any CPU
		{765E490D-1A33-45E5-A606-C7C72324E3A8}.Debug|Any CPU.Build.0 = Debug|Any CPU
		{765E490D-1A33-45E5-A606-C7C72324E3A8}.Release|Any CPU.ActiveCfg = Release|Any CPU
		{765E490D-1A33-45E5-A606-C7C72324E3A8}.Release|Any CPU.Build.0 = Release|Any CPU
		{F678B66D-224A-44A4-A110-D418505FC14B}.Debug|Any CPU.ActiveCfg = Debug|Any CPU
		{F678B66D-224A-44A4-A110-D418505FC14B}.Debug|Any CPU.Build.0 = Debug|Any CPU
		{F678B66D-224A-44A4-A110-D418505FC14B}.Release|Any CPU.ActiveCfg = Release|Any CPU
		{F678B66D-224A-44A4-A110-D418505FC14B}.Release|Any CPU.Build.0 = Release|Any CPU
		{1DE76631-10BA-4883-942C-AEED7C335D2C}.Debug|Any CPU.ActiveCfg = Debug|Any CPU
		{1DE76631-10BA-4883-942C-AEED7C335D2C}.Debug|Any CPU.Build.0 = Debug|Any CPU
		{1DE76631-10BA-4883-942C-AEED7C335D2C}.Release|Any CPU.ActiveCfg = Release|Any CPU
		{1DE76631-10BA-4883-942C-AEED7C335D2C}.Release|Any CPU.Build.0 = Release|Any CPU
	EndGlobalSection
	GlobalSection(SolutionProperties) = preSolution
		HideSolutionNode = FALSE
	EndGlobalSection
	GlobalSection(ExtensibilityGlobals) = postSolution
		SolutionGuid = {1587FD0F-C3D8-4353-B883-F6A328F12AEC}
	EndGlobalSection
EndGlobal
